// !$*UTF8*$!
{
	archiveVersion = 1;
	classes = {
	};
	objectVersion = 56;
	objects = {

/* Begin PBXBuildFile section */
		3587F721295AED4600A197C5 /* AppDelegate.swift in Sources */ = {isa = PBXBuildFile; fileRef = 3587F720295AED4600A197C5 /* AppDelegate.swift */; };
		3587F723295AED4600A197C5 /* SceneDelegate.swift in Sources */ = {isa = PBXBuildFile; fileRef = 3587F722295AED4600A197C5 /* SceneDelegate.swift */; };
		3587F725295AED4600A197C5 /* ViewController.swift in Sources */ = {isa = PBXBuildFile; fileRef = 3587F724295AED4600A197C5 /* ViewController.swift */; };
		3587F728295AED4600A197C5 /* Main.storyboard in Resources */ = {isa = PBXBuildFile; fileRef = 3587F726295AED4600A197C5 /* Main.storyboard */; };
		3587F72A295AED4700A197C5 /* Assets.xcassets in Resources */ = {isa = PBXBuildFile; fileRef = 3587F729295AED4700A197C5 /* Assets.xcassets */; };
		3587F72D295AED4700A197C5 /* LaunchScreen.storyboard in Resources */ = {isa = PBXBuildFile; fileRef = 3587F72B295AED4700A197C5 /* LaunchScreen.storyboard */; };
		3587F738295AED4700A197C5 /* StarbucksTests.swift in Sources */ = {isa = PBXBuildFile; fileRef = 3587F737295AED4700A197C5 /* StarbucksTests.swift */; };
		3587F742295AED4700A197C5 /* StarbucksUITests.swift in Sources */ = {isa = PBXBuildFile; fileRef = 3587F741295AED4700A197C5 /* StarbucksUITests.swift */; };
		3587F744295AED4700A197C5 /* StarbucksUITestsLaunchTests.swift in Sources */ = {isa = PBXBuildFile; fileRef = 3587F743295AED4700A197C5 /* StarbucksUITestsLaunchTests.swift */; };
		35D5507B295B102800176729 /* IMG_1106.PNG in Resources */ = {isa = PBXBuildFile; fileRef = 35D5507A295B102800176729 /* IMG_1106.PNG */; };
/* End PBXBuildFile section */

/* Begin PBXContainerItemProxy section */
		3587F734295AED4700A197C5 /* PBXContainerItemProxy */ = {
			isa = PBXContainerItemProxy;
			containerPortal = 3587F715295AED4600A197C5 /* Project object */;
			proxyType = 1;
			remoteGlobalIDString = 3587F71C295AED4600A197C5;
			remoteInfo = Starbucks;
		};
		3587F73E295AED4700A197C5 /* PBXContainerItemProxy */ = {
			isa = PBXContainerItemProxy;
			containerPortal = 3587F715295AED4600A197C5 /* Project object */;
			proxyType = 1;
			remoteGlobalIDString = 3587F71C295AED4600A197C5;
			remoteInfo = Starbucks;
		};
/* End PBXContainerItemProxy section */

/* Begin PBXFileReference section */
		3587F71D295AED4600A197C5 /* Starbucks.app */ = {isa = PBXFileReference; explicitFileType = wrapper.application; includeInIndex = 0; path = Starbucks.app; sourceTree = BUILT_PRODUCTS_DIR; };
		3587F720295AED4600A197C5 /* AppDelegate.swift */ = {isa = PBXFileReference; lastKnownFileType = sourcecode.swift; path = AppDelegate.swift; sourceTree = "<group>"; };
		3587F722295AED4600A197C5 /* SceneDelegate.swift */ = {isa = PBXFileReference; lastKnownFileType = sourcecode.swift; path = SceneDelegate.swift; sourceTree = "<group>"; };
		3587F724295AED4600A197C5 /* ViewController.swift */ = {isa = PBXFileReference; lastKnownFileType = sourcecode.swift; path = ViewController.swift; sourceTree = "<group>"; };
		3587F727295AED4600A197C5 /* Base */ = {isa = PBXFileReference; lastKnownFileType = file.storyboard; name = Base; path = Base.lproj/Main.storyboard; sourceTree = "<group>"; };
		3587F729295AED4700A197C5 /* Assets.xcassets */ = {isa = PBXFileReference; lastKnownFileType = folder.assetcatalog; path = Assets.xcassets; sourceTree = "<group>"; };
		3587F72C295AED4700A197C5 /* Base */ = {isa = PBXFileReference; lastKnownFileType = file.storyboard; name = Base; path = Base.lproj/LaunchScreen.storyboard; sourceTree = "<group>"; };
		3587F72E295AED4700A197C5 /* Info.plist */ = {isa = PBXFileReference; lastKnownFileType = text.plist.xml; path = Info.plist; sourceTree = "<group>"; };
		3587F733295AED4700A197C5 /* StarbucksTests.xctest */ = {isa = PBXFileReference; explicitFileType = wrapper.cfbundle; includeInIndex = 0; path = StarbucksTests.xctest; sourceTree = BUILT_PRODUCTS_DIR; };
		3587F737295AED4700A197C5 /* StarbucksTests.swift */ = {isa = PBXFileReference; lastKnownFileType = sourcecode.swift; path = StarbucksTests.swift; sourceTree = "<group>"; };
		3587F73D295AED4700A197C5 /* StarbucksUITests.xctest */ = {isa = PBXFileReference; explicitFileType = wrapper.cfbundle; includeInIndex = 0; path = StarbucksUITests.xctest; sourceTree = BUILT_PRODUCTS_DIR; };
		3587F741295AED4700A197C5 /* StarbucksUITests.swift */ = {isa = PBXFileReference; lastKnownFileType = sourcecode.swift; path = StarbucksUITests.swift; sourceTree = "<group>"; };
		3587F743295AED4700A197C5 /* StarbucksUITestsLaunchTests.swift */ = {isa = PBXFileReference; lastKnownFileType = sourcecode.swift; path = StarbucksUITestsLaunchTests.swift; sourceTree = "<group>"; };
		35D5507A295B102800176729 /* IMG_1106.PNG */ = {isa = PBXFileReference; lastKnownFileType = image.png; path = IMG_1106.PNG; sourceTree = "<group>"; };
/* End PBXFileReference section */

/* Begin PBXFrameworksBuildPhase section */
		3587F71A295AED4600A197C5 /* Frameworks */ = {
			isa = PBXFrameworksBuildPhase;
			buildActionMask = 2147483647;
			files = (
			);
			runOnlyForDeploymentPostprocessing = 0;
		};
		3587F730295AED4700A197C5 /* Frameworks */ = {
			isa = PBXFrameworksBuildPhase;
			buildActionMask = 2147483647;
			files = (
			);
			runOnlyForDeploymentPostprocessing = 0;
		};
		3587F73A295AED4700A197C5 /* Frameworks */ = {
			isa = PBXFrameworksBuildPhase;
			buildActionMask = 2147483647;
			files = (
			);
			runOnlyForDeploymentPostprocessing = 0;
		};
/* End PBXFrameworksBuildPhase section */

/* Begin PBXGroup section */
		3587F714295AED4600A197C5 = {
			isa = PBXGroup;
			children = (
				3587F71F295AED4600A197C5 /* Starbucks */,
				3587F736295AED4700A197C5 /* StarbucksTests */,
				3587F740295AED4700A197C5 /* StarbucksUITests */,
				3587F71E295AED4600A197C5 /* Products */,
			);
			sourceTree = "<group>";
		};
		3587F71E295AED4600A197C5 /* Products */ = {
			isa = PBXGroup;
			children = (
				3587F71D295AED4600A197C5 /* Starbucks.app */,
				3587F733295AED4700A197C5 /* StarbucksTests.xctest */,
				3587F73D295AED4700A197C5 /* StarbucksUITests.xctest */,
			);
			name = Products;
			sourceTree = "<group>";
		};
		3587F71F295AED4600A197C5 /* Starbucks */ = {
			isa = PBXGroup;
			children = (
				3587F720295AED4600A197C5 /* AppDelegate.swift */,
				3587F722295AED4600A197C5 /* SceneDelegate.swift */,
				3587F724295AED4600A197C5 /* ViewController.swift */,
				3587F726295AED4600A197C5 /* Main.storyboard */,
				3587F729295AED4700A197C5 /* Assets.xcassets */,
				35D5507A295B102800176729 /* IMG_1106.PNG */,
				3587F72B295AED4700A197C5 /* LaunchScreen.storyboard */,
				3587F72E295AED4700A197C5 /* Info.plist */,
			);
			path = Starbucks;
			sourceTree = "<group>";
		};
		3587F736295AED4700A197C5 /* StarbucksTests */ = {
			isa = PBXGroup;
			children = (
				3587F737295AED4700A197C5 /* StarbucksTests.swift */,
			);
			path = StarbucksTests;
			sourceTree = "<group>";
		};
		3587F740295AED4700A197C5 /* StarbucksUITests */ = {
			isa = PBXGroup;
			children = (
				3587F741295AED4700A197C5 /* StarbucksUITests.swift */,
				3587F743295AED4700A197C5 /* StarbucksUITestsLaunchTests.swift */,
			);
			path = StarbucksUITests;
			sourceTree = "<group>";
		};
/* End PBXGroup section */

/* Begin PBXNativeTarget section */
		3587F71C295AED4600A197C5 /* Starbucks */ = {
			isa = PBXNativeTarget;
			buildConfigurationList = 3587F747295AED4700A197C5 /* Build configuration list for PBXNativeTarget "Starbucks" */;
			buildPhases = (
				3587F719295AED4600A197C5 /* Sources */,
				3587F71A295AED4600A197C5 /* Frameworks */,
				3587F71B295AED4600A197C5 /* Resources */,
			);
			buildRules = (
			);
			dependencies = (
			);
			name = Starbucks;
			productName = Starbucks;
			productReference = 3587F71D295AED4600A197C5 /* Starbucks.app */;
			productType = "com.apple.product-type.application";
		};
		3587F732295AED4700A197C5 /* StarbucksTests */ = {
			isa = PBXNativeTarget;
			buildConfigurationList = 3587F74A295AED4700A197C5 /* Build configuration list for PBXNativeTarget "StarbucksTests" */;
			buildPhases = (
				3587F72F295AED4700A197C5 /* Sources */,
				3587F730295AED4700A197C5 /* Frameworks */,
				3587F731295AED4700A197C5 /* Resources */,
			);
			buildRules = (
			);
			dependencies = (
				3587F735295AED4700A197C5 /* PBXTargetDependency */,
			);
			name = StarbucksTests;
			productName = StarbucksTests;
			productReference = 3587F733295AED4700A197C5 /* StarbucksTests.xctest */;
			productType = "com.apple.product-type.bundle.unit-test";
		};
		3587F73C295AED4700A197C5 /* StarbucksUITests */ = {
			isa = PBXNativeTarget;
			buildConfigurationList = 3587F74D295AED4700A197C5 /* Build configuration list for PBXNativeTarget "StarbucksUITests" */;
			buildPhases = (
				3587F739295AED4700A197C5 /* Sources */,
				3587F73A295AED4700A197C5 /* Frameworks */,
				3587F73B295AED4700A197C5 /* Resources */,
			);
			buildRules = (
			);
			dependencies = (
				3587F73F295AED4700A197C5 /* PBXTargetDependency */,
			);
			name = StarbucksUITests;
			productName = StarbucksUITests;
			productReference = 3587F73D295AED4700A197C5 /* StarbucksUITests.xctest */;
			productType = "com.apple.product-type.bundle.ui-testing";
		};
/* End PBXNativeTarget section */

/* Begin PBXProject section */
		3587F715295AED4600A197C5 /* Project object */ = {
			isa = PBXProject;
			attributes = {
				BuildIndependentTargetsInParallel = 1;
				LastSwiftUpdateCheck = 1410;
				LastUpgradeCheck = 1410;
				TargetAttributes = {
					3587F71C295AED4600A197C5 = {
						CreatedOnToolsVersion = 14.1;
					};
					3587F732295AED4700A197C5 = {
						CreatedOnToolsVersion = 14.1;
						TestTargetID = 3587F71C295AED4600A197C5;
					};
					3587F73C295AED4700A197C5 = {
						CreatedOnToolsVersion = 14.1;
						TestTargetID = 3587F71C295AED4600A197C5;
					};
				};
			};
			buildConfigurationList = 3587F718295AED4600A197C5 /* Build configuration list for PBXProject "Starbucks" */;
			compatibilityVersion = "Xcode 14.0";
			developmentRegion = en;
			hasScannedForEncodings = 0;
			knownRegions = (
				en,
				Base,
			);
			mainGroup = 3587F714295AED4600A197C5;
			productRefGroup = 3587F71E295AED4600A197C5 /* Products */;
			projectDirPath = "";
			projectRoot = "";
			targets = (
				3587F71C295AED4600A197C5 /* Starbucks */,
				3587F732295AED4700A197C5 /* StarbucksTests */,
				3587F73C295AED4700A197C5 /* StarbucksUITests */,
			);
		};
/* End PBXProject section */

/* Begin PBXResourcesBuildPhase section */
		3587F71B295AED4600A197C5 /* Resources */ = {
			isa = PBXResourcesBuildPhase;
			buildActionMask = 2147483647;
			files = (
				3587F72D295AED4700A197C5 /* LaunchScreen.storyboard in Resources */,
				3587F72A295AED4700A197C5 /* Assets.xcassets in Resources */,
				3587F728295AED4600A197C5 /* Main.storyboard in Resources */,
				35D5507B295B102800176729 /* IMG_1106.PNG in Resources */,
			);
			runOnlyForDeploymentPostprocessing = 0;
		};
		3587F731295AED4700A197C5 /* Resources */ = {
			isa = PBXResourcesBuildPhase;
			buildActionMask = 2147483647;
			files = (
			);
			runOnlyForDeploymentPostprocessing = 0;
		};
		3587F73B295AED4700A197C5 /* Resources */ = {
			isa = PBXResourcesBuildPhase;
			buildActionMask = 2147483647;
			files = (
			);
			runOnlyForDeploymentPostprocessing = 0;
		};
/* End PBXResourcesBuildPhase section */

/* Begin PBXSourcesBuildPhase section */
		3587F719295AED4600A197C5 /* Sources */ = {
			isa = PBXSourcesBuildPhase;
			buildActionMask = 2147483647;
			files = (
				3587F725295AED4600A197C5 /* ViewController.swift in Sources */,
				3587F721295AED4600A197C5 /* AppDelegate.swift in Sources */,
				3587F723295AED4600A197C5 /* SceneDelegate.swift in Sources */,
			);
			runOnlyForDeploymentPostprocessing = 0;
		};
		3587F72F295AED4700A197C5 /* Sources */ = {
			isa = PBXSourcesBuildPhase;
			buildActionMask = 2147483647;
			files = (
				3587F738295AED4700A197C5 /* StarbucksTests.swift in Sources */,
			);
			runOnlyForDeploymentPostprocessing = 0;
		};
		3587F739295AED4700A197C5 /* Sources */ = {
			isa = PBXSourcesBuildPhase;
			buildActionMask = 2147483647;
			files = (
				3587F742295AED4700A197C5 /* StarbucksUITests.swift in Sources */,
				3587F744295AED4700A197C5 /* StarbucksUITestsLaunchTests.swift in Sources */,
			);
			runOnlyForDeploymentPostprocessing = 0;
		};
/* End PBXSourcesBuildPhase section */

/* Begin PBXTargetDependency section */
		3587F735295AED4700A197C5 /* PBXTargetDependency */ = {
			isa = PBXTargetDependency;
			target = 3587F71C295AED4600A197C5 /* Starbucks */;
			targetProxy = 3587F734295AED4700A197C5 /* PBXContainerItemProxy */;
		};
		3587F73F295AED4700A197C5 /* PBXTargetDependency */ = {
			isa = PBXTargetDependency;
			target = 3587F71C295AED4600A197C5 /* Starbucks */;
			targetProxy = 3587F73E295AED4700A197C5 /* PBXContainerItemProxy */;
		};
/* End PBXTargetDependency section */

/* Begin PBXVariantGroup section */
		3587F726295AED4600A197C5 /* Main.storyboard */ = {
			isa = PBXVariantGroup;
			children = (
				3587F727295AED4600A197C5 /* Base */,
			);
			name = Main.storyboard;
			sourceTree = "<group>";
		};
		3587F72B295AED4700A197C5 /* LaunchScreen.storyboard */ = {
			isa = PBXVariantGroup;
			children = (
				3587F72C295AED4700A197C5 /* Base */,
			);
			name = LaunchScreen.storyboard;
			sourceTree = "<group>";
		};
/* End PBXVariantGroup section */

/* Begin XCBuildConfiguration section */
		3587F745295AED4700A197C5 /* Debug */ = {
			isa = XCBuildConfiguration;
			buildSettings = {
				ALWAYS_SEARCH_USER_PATHS = NO;
				CLANG_ANALYZER_NONNULL = YES;
				CLANG_ANALYZER_NUMBER_OBJECT_CONVERSION = YES_AGGRESSIVE;
				CLANG_CXX_LANGUAGE_STANDARD = "gnu++20";
				CLANG_ENABLE_MODULES = YES;
				CLANG_ENABLE_OBJC_ARC = YES;
				CLANG_ENABLE_OBJC_WEAK = YES;
				CLANG_WARN_BLOCK_CAPTURE_AUTORELEASING = YES;
				CLANG_WARN_BOOL_CONVERSION = YES;
				CLANG_WARN_COMMA = YES;
				CLANG_WARN_CONSTANT_CONVERSION = YES;
				CLANG_WARN_DEPRECATED_OBJC_IMPLEMENTATIONS = YES;
				CLANG_WARN_DIRECT_OBJC_ISA_USAGE = YES_ERROR;
				CLANG_WARN_DOCUMENTATION_COMMENTS = YES;
				CLANG_WARN_EMPTY_BODY = YES;
				CLANG_WARN_ENUM_CONVERSION = YES;
				CLANG_WARN_INFINITE_RECURSION = YES;
				CLANG_WARN_INT_CONVERSION = YES;
				CLANG_WARN_NON_LITERAL_NULL_CONVERSION = YES;
				CLANG_WARN_OBJC_IMPLICIT_RETAIN_SELF = YES;
				CLANG_WARN_OBJC_LITERAL_CONVERSION = YES;
				CLANG_WARN_OBJC_ROOT_CLASS = YES_ERROR;
				CLANG_WARN_QUOTED_INCLUDE_IN_FRAMEWORK_HEADER = YES;
				CLANG_WARN_RANGE_LOOP_ANALYSIS = YES;
				CLANG_WARN_STRICT_PROTOTYPES = YES;
				CLANG_WARN_SUSPICIOUS_MOVE = YES;
				CLANG_WARN_UNGUARDED_AVAILABILITY = YES_AGGRESSIVE;
				CLANG_WARN_UNREACHABLE_CODE = YES;
				CLANG_WARN__DUPLICATE_METHOD_MATCH = YES;
				COPY_PHASE_STRIP = NO;
				DEBUG_INFORMATION_FORMAT = dwarf;
				ENABLE_STRICT_OBJC_MSGSEND = YES;
				ENABLE_TESTABILITY = YES;
				GCC_C_LANGUAGE_STANDARD = gnu11;
				GCC_DYNAMIC_NO_PIC = NO;
				GCC_NO_COMMON_BLOCKS = YES;
				GCC_OPTIMIZATION_LEVEL = 0;
				GCC_PREPROCESSOR_DEFINITIONS = (
					"DEBUG=1",
					"$(inherited)",
				);
				GCC_WARN_64_TO_32_BIT_CONVERSION = YES;
				GCC_WARN_ABOUT_RETURN_TYPE = YES_ERROR;
				GCC_WARN_UNDECLARED_SELECTOR = YES;
				GCC_WARN_UNINITIALIZED_AUTOS = YES_AGGRESSIVE;
				GCC_WARN_UNUSED_FUNCTION = YES;
				GCC_WARN_UNUSED_VARIABLE = YES;
				IPHONEOS_DEPLOYMENT_TARGET = 16.1;
				MTL_ENABLE_DEBUG_INFO = INCLUDE_SOURCE;
				MTL_FAST_MATH = YES;
				ONLY_ACTIVE_ARCH = YES;
				SDKROOT = iphoneos;
				SWIFT_ACTIVE_COMPILATION_CONDITIONS = DEBUG;
				SWIFT_OPTIMIZATION_LEVEL = "-Onone";
			};
			name = Debug;
		};
		3587F746295AED4700A197C5 /* Release */ = {
			isa = XCBuildConfiguration;
			buildSettings = {
				ALWAYS_SEARCH_USER_PATHS = NO;
				CLANG_ANALYZER_NONNULL = YES;
				CLANG_ANALYZER_NUMBER_OBJECT_CONVERSION = YES_AGGRESSIVE;
				CLANG_CXX_LANGUAGE_STANDARD = "gnu++20";
				CLANG_ENABLE_MODULES = YES;
				CLANG_ENABLE_OBJC_ARC = YES;
				CLANG_ENABLE_OBJC_WEAK = YES;
				CLANG_WARN_BLOCK_CAPTURE_AUTORELEASING = YES;
				CLANG_WARN_BOOL_CONVERSION = YES;
				CLANG_WARN_COMMA = YES;
				CLANG_WARN_CONSTANT_CONVERSION = YES;
				CLANG_WARN_DEPRECATED_OBJC_IMPLEMENTATIONS = YES;
				CLANG_WARN_DIRECT_OBJC_ISA_USAGE = YES_ERROR;
				CLANG_WARN_DOCUMENTATION_COMMENTS = YES;
				CLANG_WARN_EMPTY_BODY = YES;
				CLANG_WARN_ENUM_CONVERSION = YES;
				CLANG_WARN_INFINITE_RECURSION = YES;
				CLANG_WARN_INT_CONVERSION = YES;
				CLANG_WARN_NON_LITERAL_NULL_CONVERSION = YES;
				CLANG_WARN_OBJC_IMPLICIT_RETAIN_SELF = YES;
				CLANG_WARN_OBJC_LITERAL_CONVERSION = YES;
				CLANG_WARN_OBJC_ROOT_CLASS = YES_ERROR;
				CLANG_WARN_QUOTED_INCLUDE_IN_FRAMEWORK_HEADER = YES;
				CLANG_WARN_RANGE_LOOP_ANALYSIS = YES;
				CLANG_WARN_STRICT_PROTOTYPES = YES;
				CLANG_WARN_SUSPICIOUS_MOVE = YES;
				CLANG_WARN_UNGUARDED_AVAILABILITY = YES_AGGRESSIVE;
				CLANG_WARN_UNREACHABLE_CODE = YES;
				CLANG_WARN__DUPLICATE_METHOD_MATCH = YES;
				COPY_PHASE_STRIP = NO;
				DEBUG_INFORMATION_FORMAT = "dwarf-with-dsym";
				ENABLE_NS_ASSERTIONS = NO;
				ENABLE_STRICT_OBJC_MSGSEND = YES;
				GCC_C_LANGUAGE_STANDARD = gnu11;
				GCC_NO_COMMON_BLOCKS = YES;
				GCC_WARN_64_TO_32_BIT_CONVERSION = YES;
				GCC_WARN_ABOUT_RETURN_TYPE = YES_ERROR;
				GCC_WARN_UNDECLARED_SELECTOR = YES;
				GCC_WARN_UNINITIALIZED_AUTOS = YES_AGGRESSIVE;
				GCC_WARN_UNUSED_FUNCTION = YES;
				GCC_WARN_UNUSED_VARIABLE = YES;
				IPHONEOS_DEPLOYMENT_TARGET = 16.1;
				MTL_ENABLE_DEBUG_INFO = NO;
				MTL_FAST_MATH = YES;
				SDKROOT = iphoneos;
				SWIFT_COMPILATION_MODE = wholemodule;
				SWIFT_OPTIMIZATION_LEVEL = "-O";
				VALIDATE_PRODUCT = YES;
			};
			name = Release;
		};
		3587F748295AED4700A197C5 /* Debug */ = {
			isa = XCBuildConfiguration;
			buildSettings = {
				ASSETCATALOG_COMPILER_APPICON_NAME = AppIcon;
				ASSETCATALOG_COMPILER_GLOBAL_ACCENT_COLOR_NAME = AccentColor;
				CODE_SIGN_STYLE = Automatic;
				CURRENT_PROJECT_VERSION = 1;
				GENERATE_INFOPLIST_FILE = YES;
				INFOPLIST_FILE = Starbucks/Info.plist;
				INFOPLIST_KEY_UIApplicationSupportsIndirectInputEvents = YES;
				INFOPLIST_KEY_UILaunchStoryboardName = LaunchScreen;
				INFOPLIST_KEY_UIMainStoryboardFile = Main;
				INFOPLIST_KEY_UISupportedInterfaceOrientations_iPad = "UIInterfaceOrientationPortrait UIInterfaceOrientationPortraitUpsideDown UIInterfaceOrientationLandscapeLeft UIInterfaceOrientationLandscapeRight";
				INFOPLIST_KEY_UISupportedInterfaceOrientations_iPhone = "UIInterfaceOrientationPortrait UIInterfaceOrientationLandscapeLeft UIInterfaceOrientationLandscapeRight";
				IPHONEOS_DEPLOYMENT_TARGET = 13.0;
				LD_RUNPATH_SEARCH_PATHS = (
					"$(inherited)",
					"@executable_path/Frameworks",
				);
				MARKETING_VERSION = 1.0;
				PRODUCT_BUNDLE_IDENTIFIER = yejin.Starbucks;
				PRODUCT_NAME = "$(TARGET_NAME)";
				SWIFT_EMIT_LOC_STRINGS = YES;
				SWIFT_VERSION = 5.0;
				TARGETED_DEVICE_FAMILY = "1,2";
			};
			name = Debug;
		};
		3587F749295AED4700A197C5 /* Release */ = {
			isa = XCBuildConfiguration;
			buildSettings = {
				ASSETCATALOG_COMPILER_APPICON_NAME = AppIcon;
				ASSETCATALOG_COMPILER_GLOBAL_ACCENT_COLOR_NAME = AccentColor;
				CODE_SIGN_STYLE = Automatic;
				CURRENT_PROJECT_VERSION = 1;
				GENERATE_INFOPLIST_FILE = YES;
				INFOPLIST_FILE = Starbucks/Info.plist;
				INFOPLIST_KEY_UIApplicationSupportsIndirectInputEvents = YES;
				INFOPLIST_KEY_UILaunchStoryboardName = LaunchScreen;
				INFOPLIST_KEY_UIMainStoryboardFile = Main;
				INFOPLIST_KEY_UISupportedInterfaceOrientations_iPad = "UIInterfaceOrientationPortrait UIInterfaceOrientationPortraitUpsideDown UIInterfaceOrientationLandscapeLeft UIInterfaceOrientationLandscapeRight";
				INFOPLIST_KEY_UISupportedInterfaceOrientations_iPhone = "UIInterfaceOrientationPortrait UIInterfaceOrientationLandscapeLeft UIInterfaceOrientationLandscapeRight";
				IPHONEOS_DEPLOYMENT_TARGET = 13.0;
				LD_RUNPATH_SEARCH_PATHS = (
					"$(inherited)",
					"@executable_path/Frameworks",
				);
				MARKETING_VERSION = 1.0;
				PRODUCT_BUNDLE_IDENTIFIER = yejin.Starbucks;
				PRODUCT_NAME = "$(TARGET_NAME)";
				SWIFT_EMIT_LOC_STRINGS = YES;
				SWIFT_VERSION = 5.0;
				TARGETED_DEVICE_FAMILY = "1,2";
			};
			name = Release;
		};
		3587F74B295AED4700A197C5 /* Debug */ = {
			isa = XCBuildConfiguration;
			buildSettings = {
				ALWAYS_EMBED_SWIFT_STANDARD_LIBRARIES = YES;
				BUNDLE_LOADER = "$(TEST_HOST)";
				CODE_SIGN_STYLE = Automatic;
				CURRENT_PROJECT_VERSION = 1;
				GENERATE_INFOPLIST_FILE = YES;
				IPHONEOS_DEPLOYMENT_TARGET = 16.1;
				MARKETING_VERSION = 1.0;
				PRODUCT_BUNDLE_IDENTIFIER = yejin.StarbucksTests;
				PRODUCT_NAME = "$(TARGET_NAME)";
				SWIFT_EMIT_LOC_STRINGS = NO;
				SWIFT_VERSION = 5.0;
				TARGETED_DEVICE_FAMILY = "1,2";
				TEST_HOST = "$(BUILT_PRODUCTS_DIR)/Starbucks.app/$(BUNDLE_EXECUTABLE_FOLDER_PATH)/Starbucks";
			};
			name = Debug;
		};
		3587F74C295AED4700A197C5 /* Release */ = {
			isa = XCBuildConfiguration;
			buildSettings = {
				ALWAYS_EMBED_SWIFT_STANDARD_LIBRARIES = YES;
				BUNDLE_LOADER = "$(TEST_HOST)";
				CODE_SIGN_STYLE = Automatic;
				CURRENT_PROJECT_VERSION = 1;
				GENERATE_INFOPLIST_FILE = YES;
				IPHONEOS_DEPLOYMENT_TARGET = 16.1;
				MARKETING_VERSION = 1.0;
				PRODUCT_BUNDLE_IDENTIFIER = yejin.StarbucksTests;
				PRODUCT_NAME = "$(TARGET_NAME)";
				SWIFT_EMIT_LOC_STRINGS = NO;
				SWIFT_VERSION = 5.0;
				TARGETED_DEVICE_FAMILY = "1,2";
				TEST_HOST = "$(BUILT_PRODUCTS_DIR)/Starbucks.app/$(BUNDLE_EXECUTABLE_FOLDER_PATH)/Starbucks";
			};
			name = Release;
		};
		3587F74E295AED4700A197C5 /* Debug */ = {
			isa = XCBuildConfiguration;
			buildSettings = {
				ALWAYS_EMBED_SWIFT_STANDARD_LIBRARIES = YES;
				CODE_SIGN_STYLE = Automatic;
				CURRENT_PROJECT_VERSION = 1;
				GENERATE_INFOPLIST_FILE = YES;
				MARKETING_VERSION = 1.0;
				PRODUCT_BUNDLE_IDENTIFIER = yejin.StarbucksUITests;
				PRODUCT_NAME = "$(TARGET_NAME)";
				SWIFT_EMIT_LOC_STRINGS = NO;
				SWIFT_VERSION = 5.0;
				TARGETED_DEVICE_FAMILY = "1,2";
				TEST_TARGET_NAME = Starbucks;
			};
			name = Debug;
		};
		3587F74F295AED4700A197C5 /* Release */ = {
			isa = XCBuildConfiguration;
			buildSettings = {
				ALWAYS_EMBED_SWIFT_STANDARD_LIBRARIES = YES;
				CODE_SIGN_STYLE = Automatic;
				CURRENT_PROJECT_VERSION = 1;
				GENERATE_INFOPLIST_FILE = YES;
				MARKETING_VERSION = 1.0;
				PRODUCT_BUNDLE_IDENTIFIER = yejin.StarbucksUITests;
				PRODUCT_NAME = "$(TARGET_NAME)";
				SWIFT_EMIT_LOC_STRINGS = NO;
				SWIFT_VERSION = 5.0;
				TARGETED_DEVICE_FAMILY = "1,2";
				TEST_TARGET_NAME = Starbucks;
			};
			name = Release;
		};
/* End XCBuildConfiguration section */

/* Begin XCConfigurationList section */
		3587F718295AED4600A197C5 /* Build configuration list for PBXProject "Starbucks" */ = {
			isa = XCConfigurationList;
			buildConfigurations = (
				3587F745295AED4700A197C5 /* Debug */,
				3587F746295AED4700A197C5 /* Release */,
			);
			defaultConfigurationIsVisible = 0;
			defaultConfigurationName = Release;
		};
		3587F747295AED4700A197C5 /* Build configuration list for PBXNativeTarget "Starbucks" */ = {
			isa = XCConfigurationList;
			buildConfigurations = (
				3587F748295AED4700A197C5 /* Debug */,
				3587F749295AED4700A197C5 /* Release */,
			);
			defaultConfigurationIsVisible = 0;
			defaultConfigurationName = Release;
		};
		3587F74A295AED4700A197C5 /* Build configuration list for PBXNativeTarget "StarbucksTests" */ = {
			isa = XCConfigurationList;
			buildConfigurations = (
				3587F74B295AED4700A197C5 /* Debug */,
				3587F74C295AED4700A197C5 /* Release */,
			);
			defaultConfigurationIsVisible = 0;
			defaultConfigurationName = Release;
		};
		3587F74D295AED4700A197C5 /* Build configuration list for PBXNativeTarget "StarbucksUITests" */ = {
			isa = XCConfigurationList;
			buildConfigurations = (
				3587F74E295AED4700A197C5 /* Debug */,
				3587F74F295AED4700A197C5 /* Release */,
			);
			defaultConfigurationIsVisible = 0;
			defaultConfigurationName = Release;
		};
/* End XCConfigurationList section */
	};
	rootObject = 3587F715295AED4600A197C5 /* Project object */;
}
